
Microsoft Visual Studio Solution File, Format Version 12.00
# Visual Studio 15
VisualStudioVersion = 15.0.27703.2042
MinimumVisualStudioVersion = 10.0.40219.1
Project("{FAE04EC0-301F-11D3-BF4B-00C04F79EFBC}") = "PowerSite", "PowerSite\PowerSite.csproj", "{4A8F250C-3A76-423D-883B-CEC3687895E7}"
EndProject
Project("{FAE04EC0-301F-11D3-BF4B-00C04F79EFBC}") = "PowerSite.Specs", "PowerSite.Specs\PowerSite.Specs.csproj", "{61D72176-9C50-4D38-B6AC-91A19E197C26}"
EndProject
Project("{2150E333-8FDC-42A3-9474-1A3956D46DE8}") = "ReadMe", "ReadMe", "{C97FE500-0BF7-4C15-B704-D4D11BA5F883}"
	ProjectSection(SolutionItems) = preProject
		ReadMe.md = ReadMe.md
	EndProjectSection
EndProject
Global
	GlobalSection(SolutionConfigurationPlatforms) = preSolution
		Debug|Any CPU = Debug|Any CPU
		Release|Any CPU = Release|Any CPU
	EndGlobalSection
	GlobalSection(ProjectConfigurationPlatforms) = postSolution
		{4A8F250C-3A76-423D-883B-CEC3687895E7}.Debug|Any CPU.ActiveCfg = Debug|Any CPU
		{4A8F250C-3A76-423D-883B-CEC3687895E7}.Debug|Any CPU.Build.0 = Debug|Any CPU
		{4A8F250C-3A76-423D-883B-CEC3687895E7}.Release|Any CPU.ActiveCfg = Release|Any CPU
		{4A8F250C-3A76-423D-883B-CEC3687895E7}.Release|Any CPU.Build.0 = Release|Any CPU
		{61D72176-9C50-4D38-B6AC-91A19E197C26}.Debug|Any CPU.ActiveCfg = Debug|Any CPU
		{61D72176-9C50-4D38-B6AC-91A19E197C26}.Debug|Any CPU.Build.0 = Debug|Any CPU
		{61D72176-9C50-4D38-B6AC-91A19E197C26}.Release|Any CPU.ActiveCfg = Release|Any CPU
		{61D72176-9C50-4D38-B6AC-91A19E197C26}.Release|Any CPU.Build.0 = Release|Any CPU
	EndGlobalSection
	GlobalSection(SolutionProperties) = preSolution
		HideSolutionNode = FALSE
	EndGlobalSection
	GlobalSection(ExtensibilityGlobals) = postSolution
		SolutionGuid = {AD561F1A-7809-4ACA-8F4E-18DFDFBEF539}
	EndGlobalSection
EndGlobal
